
Microsoft Visual Studio Solution File, Format Version 11.00
# Visual Studio 2010
Project("{2150E333-8FDC-42A3-9474-1A3956D46DE8}") = "Solution Items", "Solution Items", "{9FC21490-5BA3-4055-AA46-C15F57557F91}"
	ProjectSection(SolutionItems) = preProject
		Audio.gif = Audio.gif
		autorun.inf = autorun.inf
		BackGround.gif = BackGround.gif
		Banner.htm = Banner.htm
		CD-Image.iso = CD-Image.iso
		default.inc = default.inc
		Fatiha.gif = Fatiha.gif
		Home.gif = Home.gif
		index.htm = index.htm
		JSInd.exe = JSInd.exe
		JSInd.ini = JSInd.ini
		Komentar.gif = Komentar.gif
		KuranCD.std = KuranCD.std
		ListaSura.htm = ListaSura.htm
		MakeIndexFile.bat = MakeIndexFile.bat
		mvstcdxx.lst = mvstcdxx.lst
		Pocetna.htm = Pocetna.htm
		Pocetna1.gif = Pocetna1.gif
		Pocetna2.gif = Pocetna2.gif
		Predgovor.htm = Predgovor.htm
		Pretraga.htm = Pretraga.htm
		PretragaRreadMe.txt = PretragaRreadMe.txt
		Sadrzaj.htm = Sadrzaj.htm
		search.js = search.js
		ShellExec.exe = ShellExec.exe
		Styles.css = Styles.css
	EndProjectSection
EndProject
Project("{2150E333-8FDC-42A3-9474-1A3956D46DE8}") = "KuranNauka", "KuranNauka", "{B02A133A-D12B-4414-8A8E-9B0F78FF57D0}"
	ProjectSection(SolutionItems) = preProject
		KuranNauka\1-12.jpg = KuranNauka\1-12.jpg
		KuranNauka\10u34ani-2.gif = KuranNauka\10u34ani-2.gif
		KuranNauka\10u34ani.gif = KuranNauka\10u34ani.gif
		KuranNauka\10u5-1.jpg = KuranNauka\10u5-1.jpg
		KuranNauka\10u61-ani.gif = KuranNauka\10u61-ani.gif
		KuranNauka\10u61a.gif = KuranNauka\10u61a.gif
		KuranNauka\10u61b.jpg = KuranNauka\10u61b.jpg
		KuranNauka\10u61c.jpg = KuranNauka\10u61c.jpg
		KuranNauka\10u90merneptah.jpg = KuranNauka\10u90merneptah.jpg
		KuranNauka\13u2b.gif = KuranNauka\13u2b.gif
		KuranNauka\13u2c.jpg = KuranNauka\13u2c.jpg
		KuranNauka\13u41a.jpg = KuranNauka\13u41a.jpg
		KuranNauka\16u61a.jpg = KuranNauka\16u61a.jpg
		KuranNauka\16u68ani.gif = KuranNauka\16u68ani.gif
		KuranNauka\16u69.jpg = KuranNauka\16u69.jpg
		KuranNauka\16u69c.jpg = KuranNauka\16u69c.jpg
		KuranNauka\18u90ani.gif = KuranNauka\18u90ani.gif
		KuranNauka\21u30-5.jpg = KuranNauka\21u30-5.jpg
		KuranNauka\21u30a.jpg = KuranNauka\21u30a.jpg
		KuranNauka\21u32-2.jpg = KuranNauka\21u32-2.jpg
		KuranNauka\21u33.jpg = KuranNauka\21u33.jpg
		KuranNauka\21u33zemlja.jpg = KuranNauka\21u33zemlja.jpg
		KuranNauka\23u12-1.jpg = KuranNauka\23u12-1.jpg
		KuranNauka\23u12-2.jpg = KuranNauka\23u12-2.jpg
		KuranNauka\23u12-3.jpg = KuranNauka\23u12-3.jpg
		KuranNauka\23u12-4usadnja.jpg = KuranNauka\23u12-4usadnja.jpg
		KuranNauka\29u41pauk.jpg = KuranNauka\29u41pauk.jpg
		KuranNauka\39u5-Rotacija.jpg = KuranNauka\39u5-Rotacija.jpg
		KuranNauka\4u56-1-1.jpg = KuranNauka\4u56-1-1.jpg
		KuranNauka\55u19-barijera-2.jpg = KuranNauka\55u19-barijera-2.jpg
		KuranNauka\55u19-barijera.jpg = KuranNauka\55u19-barijera.jpg
		KuranNauka\7u40ani.gif = KuranNauka\7u40ani.gif
		KuranNauka\7u40ani1.gif = KuranNauka\7u40ani1.gif
		KuranNauka\BE13.gif = KuranNauka\BE13.gif
		KuranNauka\BISMIL3-2.jpg = KuranNauka\BISMIL3-2.jpg
		KuranNauka\ch1-1-g-img5.jpg = KuranNauka\ch1-1-g-img5.jpg
		KuranNauka\construction.gif = KuranNauka\construction.gif
		KuranNauka\declination1.gif = KuranNauka\declination1.gif
		KuranNauka\declination2.gif = KuranNauka\declination2.gif
		KuranNauka\dekl3.gif = KuranNauka\dekl3.gif
		KuranNauka\FETUS2.gif = KuranNauka\FETUS2.gif
		KuranNauka\FETUS8.gif = KuranNauka\FETUS8.gif
		KuranNauka\GROM.gif = KuranNauka\GROM.gif
		KuranNauka\KuranNauka.htm = KuranNauka\KuranNauka.htm
		KuranNauka\lightning_1_xsm.jpg = KuranNauka\lightning_1_xsm.jpg
		KuranNauka\q-ozon3.gif = KuranNauka\q-ozon3.gif
		KuranNauka\ramzesII.gif = KuranNauka\ramzesII.gif
		KuranNauka\SJENA.gif = KuranNauka\SJENA.gif
		KuranNauka\SLIKE-ZA-KNJIGU.jpg = KuranNauka\SLIKE-ZA-KNJIGU.jpg
		KuranNauka\spermani.gif = KuranNauka\spermani.gif
		KuranNauka\up2.gif = KuranNauka\up2.gif
	EndProjectSection
EndProject
Project("{2150E333-8FDC-42A3-9474-1A3956D46DE8}") = "Sure", "Sure", "{C9CC50C5-A308-45A8-9F36-F5C1D7BBC081}"
	ProjectSection(SolutionItems) = preProject
		Sure\001.htm = Sure\001.htm
		Sure\002.htm = Sure\002.htm
		Sure\003.htm = Sure\003.htm
		Sure\004.htm = Sure\004.htm
		Sure\005.htm = Sure\005.htm
		Sure\006.htm = Sure\006.htm
		Sure\007.htm = Sure\007.htm
		Sure\008.htm = Sure\008.htm
		Sure\009.htm = Sure\009.htm
		Sure\010.htm = Sure\010.htm
		Sure\011.htm = Sure\011.htm
		Sure\012.htm = Sure\012.htm
		Sure\013.htm = Sure\013.htm
		Sure\014.htm = Sure\014.htm
		Sure\015.htm = Sure\015.htm
		Sure\016.htm = Sure\016.htm
		Sure\017.htm = Sure\017.htm
		Sure\018.htm = Sure\018.htm
		Sure\019.htm = Sure\019.htm
		Sure\020.htm = Sure\020.htm
		Sure\021.htm = Sure\021.htm
		Sure\022.htm = Sure\022.htm
		Sure\023.htm = Sure\023.htm
		Sure\024.htm = Sure\024.htm
		Sure\025.htm = Sure\025.htm
		Sure\026.htm = Sure\026.htm
		Sure\027.htm = Sure\027.htm
		Sure\028.htm = Sure\028.htm
		Sure\029.htm = Sure\029.htm
		Sure\030.htm = Sure\030.htm
		Sure\031.htm = Sure\031.htm
		Sure\032.htm = Sure\032.htm
		Sure\033.htm = Sure\033.htm
		Sure\034.htm = Sure\034.htm
		Sure\035.htm = Sure\035.htm
		Sure\036.htm = Sure\036.htm
		Sure\037.htm = Sure\037.htm
		Sure\038.htm = Sure\038.htm
		Sure\039.htm = Sure\039.htm
		Sure\040.htm = Sure\040.htm
		Sure\041.htm = Sure\041.htm
		Sure\042.htm = Sure\042.htm
		Sure\043.htm = Sure\043.htm
		Sure\044.htm = Sure\044.htm
		Sure\045.htm = Sure\045.htm
		Sure\046.htm = Sure\046.htm
		Sure\047.htm = Sure\047.htm
		Sure\048.htm = Sure\048.htm
		Sure\049.htm = Sure\049.htm
		Sure\050.htm = Sure\050.htm
		Sure\051.htm = Sure\051.htm
		Sure\052.htm = Sure\052.htm
		Sure\053.htm = Sure\053.htm
		Sure\054.htm = Sure\054.htm
		Sure\055.htm = Sure\055.htm
		Sure\056.htm = Sure\056.htm
		Sure\057.htm = Sure\057.htm
		Sure\058.htm = Sure\058.htm
		Sure\059.htm = Sure\059.htm
		Sure\060.htm = Sure\060.htm
		Sure\061.htm = Sure\061.htm
		Sure\062.htm = Sure\062.htm
		Sure\063.htm = Sure\063.htm
		Sure\064.htm = Sure\064.htm
		Sure\065.htm = Sure\065.htm
		Sure\066.htm = Sure\066.htm
		Sure\067.htm = Sure\067.htm
		Sure\068.htm = Sure\068.htm
		Sure\069.htm = Sure\069.htm
		Sure\070.htm = Sure\070.htm
		Sure\071.htm = Sure\071.htm
		Sure\072.htm = Sure\072.htm
		Sure\073.htm = Sure\073.htm
		Sure\074.htm = Sure\074.htm
		Sure\075.htm = Sure\075.htm
		Sure\076.htm = Sure\076.htm
		Sure\077.htm = Sure\077.htm
		Sure\078.htm = Sure\078.htm
		Sure\079.htm = Sure\079.htm
		Sure\080.htm = Sure\080.htm
		Sure\081.htm = Sure\081.htm
		Sure\082.htm = Sure\082.htm
		Sure\083.htm = Sure\083.htm
		Sure\084.htm = Sure\084.htm
		Sure\085.htm = Sure\085.htm
		Sure\086.htm = Sure\086.htm
		Sure\087.htm = Sure\087.htm
		Sure\088.htm = Sure\088.htm
		Sure\089.htm = Sure\089.htm
		Sure\090.htm = Sure\090.htm
		Sure\091.htm = Sure\091.htm
		Sure\092.htm = Sure\092.htm
		Sure\093.htm = Sure\093.htm
		Sure\094.htm = Sure\094.htm
		Sure\095.htm = Sure\095.htm
		Sure\096.htm = Sure\096.htm
		Sure\097.htm = Sure\097.htm
		Sure\098.htm = Sure\098.htm
		Sure\099.htm = Sure\099.htm
		Sure\100.htm = Sure\100.htm
		Sure\101.htm = Sure\101.htm
		Sure\102.htm = Sure\102.htm
		Sure\103.htm = Sure\103.htm
		Sure\104.htm = Sure\104.htm
		Sure\105.htm = Sure\105.htm
		Sure\106.htm = Sure\106.htm
		Sure\107.htm = Sure\107.htm
		Sure\108.htm = Sure\108.htm
		Sure\109.htm = Sure\109.htm
		Sure\110.htm = Sure\110.htm
		Sure\111.htm = Sure\111.htm
		Sure\112.htm = Sure\112.htm
		Sure\113.htm = Sure\113.htm
		Sure\114.htm = Sure\114.htm
		Sure\Global.js = Sure\Global.js
	EndProjectSection
EndProject
Project("{2150E333-8FDC-42A3-9474-1A3956D46DE8}") = "SureAudio", "SureAudio", "{56BF9AEE-B38B-48E5-8B06-CC411B63804B}"
	ProjectSection(SolutionItems) = preProject
		SureAudio\001.mp3 = SureAudio\001.mp3
		SureAudio\002.mp3 = SureAudio\002.mp3
		SureAudio\003.mp3 = SureAudio\003.mp3
		SureAudio\004.mp3 = SureAudio\004.mp3
		SureAudio\005.mp3 = SureAudio\005.mp3
		SureAudio\006.mp3 = SureAudio\006.mp3
		SureAudio\007.mp3 = SureAudio\007.mp3
		SureAudio\008.mp3 = SureAudio\008.mp3
		SureAudio\009.mp3 = SureAudio\009.mp3
		SureAudio\010.mp3 = SureAudio\010.mp3
		SureAudio\011.mp3 = SureAudio\011.mp3
		SureAudio\012.mp3 = SureAudio\012.mp3
		SureAudio\013.mp3 = SureAudio\013.mp3
		SureAudio\014.mp3 = SureAudio\014.mp3
		SureAudio\015.mp3 = SureAudio\015.mp3
		SureAudio\016.mp3 = SureAudio\016.mp3
		SureAudio\017.mp3 = SureAudio\017.mp3
		SureAudio\018.mp3 = SureAudio\018.mp3
		SureAudio\019.mp3 = SureAudio\019.mp3
		SureAudio\020.mp3 = SureAudio\020.mp3
		SureAudio\021.mp3 = SureAudio\021.mp3
		SureAudio\022.mp3 = SureAudio\022.mp3
		SureAudio\023.mp3 = SureAudio\023.mp3
		SureAudio\024.mp3 = SureAudio\024.mp3
		SureAudio\025.mp3 = SureAudio\025.mp3
		SureAudio\026.mp3 = SureAudio\026.mp3
		SureAudio\027.mp3 = SureAudio\027.mp3
		SureAudio\028.mp3 = SureAudio\028.mp3
		SureAudio\029.mp3 = SureAudio\029.mp3
		SureAudio\030.mp3 = SureAudio\030.mp3
		SureAudio\031.mp3 = SureAudio\031.mp3
		SureAudio\032.mp3 = SureAudio\032.mp3
		SureAudio\033.mp3 = SureAudio\033.mp3
		SureAudio\034.mp3 = SureAudio\034.mp3
		SureAudio\035.mp3 = SureAudio\035.mp3
		SureAudio\036.mp3 = SureAudio\036.mp3
		SureAudio\037.mp3 = SureAudio\037.mp3
		SureAudio\038.mp3 = SureAudio\038.mp3
		SureAudio\039.mp3 = SureAudio\039.mp3
		SureAudio\040.mp3 = SureAudio\040.mp3
		SureAudio\041.mp3 = SureAudio\041.mp3
		SureAudio\042.mp3 = SureAudio\042.mp3
		SureAudio\043.mp3 = SureAudio\043.mp3
		SureAudio\044.mp3 = SureAudio\044.mp3
		SureAudio\045.mp3 = SureAudio\045.mp3
		SureAudio\046.mp3 = SureAudio\046.mp3
		SureAudio\047.mp3 = SureAudio\047.mp3
		SureAudio\048.mp3 = SureAudio\048.mp3
		SureAudio\049.mp3 = SureAudio\049.mp3
		SureAudio\050.mp3 = SureAudio\050.mp3
		SureAudio\051.mp3 = SureAudio\051.mp3
		SureAudio\052.mp3 = SureAudio\052.mp3
		SureAudio\053.mp3 = SureAudio\053.mp3
		SureAudio\054.mp3 = SureAudio\054.mp3
		SureAudio\055.mp3 = SureAudio\055.mp3
		SureAudio\056.mp3 = SureAudio\056.mp3
		SureAudio\057.mp3 = SureAudio\057.mp3
		SureAudio\058.mp3 = SureAudio\058.mp3
		SureAudio\059.mp3 = SureAudio\059.mp3
		SureAudio\060.mp3 = SureAudio\060.mp3
		SureAudio\061.mp3 = SureAudio\061.mp3
		SureAudio\062.mp3 = SureAudio\062.mp3
		SureAudio\063.mp3 = SureAudio\063.mp3
		SureAudio\064.mp3 = SureAudio\064.mp3
		SureAudio\065.mp3 = SureAudio\065.mp3
		SureAudio\066.mp3 = SureAudio\066.mp3
		SureAudio\067.mp3 = SureAudio\067.mp3
		SureAudio\068.mp3 = SureAudio\068.mp3
		SureAudio\069.mp3 = SureAudio\069.mp3
		SureAudio\070.mp3 = SureAudio\070.mp3
		SureAudio\071.mp3 = SureAudio\071.mp3
		SureAudio\072.mp3 = SureAudio\072.mp3
		SureAudio\073.mp3 = SureAudio\073.mp3
		SureAudio\074.mp3 = SureAudio\074.mp3
		SureAudio\075.mp3 = SureAudio\075.mp3
		SureAudio\076.mp3 = SureAudio\076.mp3
		SureAudio\077.mp3 = SureAudio\077.mp3
		SureAudio\078.mp3 = SureAudio\078.mp3
		SureAudio\079.mp3 = SureAudio\079.mp3
		SureAudio\080.mp3 = SureAudio\080.mp3
		SureAudio\081.mp3 = SureAudio\081.mp3
		SureAudio\082.mp3 = SureAudio\082.mp3
		SureAudio\083.mp3 = SureAudio\083.mp3
		SureAudio\084.mp3 = SureAudio\084.mp3
		SureAudio\085.mp3 = SureAudio\085.mp3
		SureAudio\086.mp3 = SureAudio\086.mp3
		SureAudio\087.mp3 = SureAudio\087.mp3
		SureAudio\088.mp3 = SureAudio\088.mp3
		SureAudio\089.mp3 = SureAudio\089.mp3
		SureAudio\090.mp3 = SureAudio\090.mp3
		SureAudio\091.mp3 = SureAudio\091.mp3
		SureAudio\092.mp3 = SureAudio\092.mp3
		SureAudio\093.mp3 = SureAudio\093.mp3
		SureAudio\094.mp3 = SureAudio\094.mp3
		SureAudio\095.mp3 = SureAudio\095.mp3
		SureAudio\096.mp3 = SureAudio\096.mp3
		SureAudio\097.mp3 = SureAudio\097.mp3
		SureAudio\098.mp3 = SureAudio\098.mp3
		SureAudio\099.mp3 = SureAudio\099.mp3
		SureAudio\100.mp3 = SureAudio\100.mp3
		SureAudio\101.mp3 = SureAudio\101.mp3
		SureAudio\102.mp3 = SureAudio\102.mp3
		SureAudio\103.mp3 = SureAudio\103.mp3
		SureAudio\104.mp3 = SureAudio\104.mp3
		SureAudio\105.mp3 = SureAudio\105.mp3
		SureAudio\106.mp3 = SureAudio\106.mp3
		SureAudio\107.mp3 = SureAudio\107.mp3
		SureAudio\108.mp3 = SureAudio\108.mp3
		SureAudio\109.mp3 = SureAudio\109.mp3
		SureAudio\110.mp3 = SureAudio\110.mp3
		SureAudio\111.mp3 = SureAudio\111.mp3
		SureAudio\112.mp3 = SureAudio\112.mp3
		SureAudio\113.mp3 = SureAudio\113.mp3
		SureAudio\114.mp3 = SureAudio\114.mp3
	EndProjectSection
EndProject
Project("{2150E333-8FDC-42A3-9474-1A3956D46DE8}") = "SureKomentari", "SureKomentari", "{2A6A3BF6-5EBD-4A46-8D3A-48B0351C9562}"
	ProjectSection(SolutionItems) = preProject
		SureKomentari\001.htm = SureKomentari\001.htm
		SureKomentari\002.htm = SureKomentari\002.htm
		SureKomentari\003.htm = SureKomentari\003.htm
		SureKomentari\004.htm = SureKomentari\004.htm
		SureKomentari\005.htm = SureKomentari\005.htm
		SureKomentari\006.htm = SureKomentari\006.htm
		SureKomentari\007.htm = SureKomentari\007.htm
		SureKomentari\008.htm = SureKomentari\008.htm
		SureKomentari\009.htm = SureKomentari\009.htm
		SureKomentari\010.htm = SureKomentari\010.htm
		SureKomentari\011.htm = SureKomentari\011.htm
		SureKomentari\012.htm = SureKomentari\012.htm
		SureKomentari\013.htm = SureKomentari\013.htm
		SureKomentari\015.htm = SureKomentari\015.htm
		SureKomentari\016.htm = SureKomentari\016.htm
		SureKomentari\017.htm = SureKomentari\017.htm
		SureKomentari\018.htm = SureKomentari\018.htm
		SureKomentari\019.htm = SureKomentari\019.htm
		SureKomentari\020.htm = SureKomentari\020.htm
		SureKomentari\021.htm = SureKomentari\021.htm
		SureKomentari\022.htm = SureKomentari\022.htm
		SureKomentari\023.htm = SureKomentari\023.htm
		SureKomentari\024.htm = SureKomentari\024.htm
		SureKomentari\025.htm = SureKomentari\025.htm
		SureKomentari\027.htm = SureKomentari\027.htm
		SureKomentari\029.htm = SureKomentari\029.htm
		SureKomentari\030.htm = SureKomentari\030.htm
		SureKomentari\031.htm = SureKomentari\031.htm
		SureKomentari\032.htm = SureKomentari\032.htm
		SureKomentari\033.htm = SureKomentari\033.htm
		SureKomentari\034.htm = SureKomentari\034.htm
		SureKomentari\035.htm = SureKomentari\035.htm
		SureKomentari\036.htm = SureKomentari\036.htm
		SureKomentari\037.htm = SureKomentari\037.htm
		SureKomentari\039.htm = SureKomentari\039.htm
		SureKomentari\040.htm = SureKomentari\040.htm
		SureKomentari\041.htm = SureKomentari\041.htm
		SureKomentari\046.htm = SureKomentari\046.htm
		SureKomentari\047.htm = SureKomentari\047.htm
		SureKomentari\048.htm = SureKomentari\048.htm
		SureKomentari\050.htm = SureKomentari\050.htm
		SureKomentari\051.htm = SureKomentari\051.htm
		SureKomentari\052.htm = SureKomentari\052.htm
		SureKomentari\053.htm = SureKomentari\053.htm
		SureKomentari\054.htm = SureKomentari\054.htm
		SureKomentari\055.htm = SureKomentari\055.htm
		SureKomentari\056.htm = SureKomentari\056.htm
		SureKomentari\057.htm = SureKomentari\057.htm
		SureKomentari\058.htm = SureKomentari\058.htm
		SureKomentari\061.htm = SureKomentari\061.htm
		SureKomentari\066.htm = SureKomentari\066.htm
		SureKomentari\070.htm = SureKomentari\070.htm
		SureKomentari\071.htm = SureKomentari\071.htm
		SureKomentari\074.htm = SureKomentari\074.htm
		SureKomentari\075.htm = SureKomentari\075.htm
		SureKomentari\076.htm = SureKomentari\076.htm
		SureKomentari\077.htm = SureKomentari\077.htm
		SureKomentari\078.htm = SureKomentari\078.htm
		SureKomentari\079.htm = SureKomentari\079.htm
		SureKomentari\081.htm = SureKomentari\081.htm
		SureKomentari\082.htm = SureKomentari\082.htm
		SureKomentari\084.htm = SureKomentari\084.htm
		SureKomentari\085.htm = SureKomentari\085.htm
		SureKomentari\086.htm = SureKomentari\086.htm
		SureKomentari\088.htm = SureKomentari\088.htm
		SureKomentari\089.htm = SureKomentari\089.htm
		SureKomentari\091.htm = SureKomentari\091.htm
		SureKomentari\092.htm = SureKomentari\092.htm
		SureKomentari\096.htm = SureKomentari\096.htm
		SureKomentari\097.htm = SureKomentari\097.htm
		SureKomentari\099.htm = SureKomentari\099.htm
		SureKomentari\101.htm = SureKomentari\101.htm
		SureKomentari\102.htm = SureKomentari\102.htm
		SureKomentari\103.htm = SureKomentari\103.htm
		SureKomentari\105.htm = SureKomentari\105.htm
		SureKomentari\111.htm = SureKomentari\111.htm
	EndProjectSection
EndProject
Global
	GlobalSection(SolutionProperties) = preSolution
		HideSolutionNode = FALSE
	EndGlobalSection
EndGlobal
